// !$*UTF8*$!
{
	archiveVersion = 1;
	classes = {
	};
	objectVersion = 52;
	objects = {

/* Begin PBXBuildFile section */
		A1103ED22610E05500C6F51A /* ActionCardsRootViewController.swift in Sources */ = {isa = PBXBuildFile; fileRef = A1103ED12610E05500C6F51A /* ActionCardsRootViewController.swift */; };
		A11212D127956B9100EDA006 /* MasterModalViewController.swift in Sources */ = {isa = PBXBuildFile; fileRef = A11212D027956B9100EDA006 /* MasterModalViewController.swift */; };
		A11D75C02744C6E3004D87A8 /* ServerClient.swift in Sources */ = {isa = PBXBuildFile; fileRef = A11D75BF2744C6E2004D87A8 /* ServerClient.swift */; };
		A11D75C22744C70D004D87A8 /* ServerRequests.swift in Sources */ = {isa = PBXBuildFile; fileRef = A11D75C12744C70D004D87A8 /* ServerRequests.swift */; };
		A11D75C42744CB63004D87A8 /* ServerConfig.plist in Resources */ = {isa = PBXBuildFile; fileRef = A11D75C32744CB63004D87A8 /* ServerConfig.plist */; };
		A11D75C62744CBB2004D87A8 /* ServerConfigurationProvider.swift in Sources */ = {isa = PBXBuildFile; fileRef = A11D75C52744CBB2004D87A8 /* ServerConfigurationProvider.swift */; };
		A155E26E2612E99C00CEE968 /* UnauthenticationAlertController.swift in Sources */ = {isa = PBXBuildFile; fileRef = A155E26D2612E99C00CEE968 /* UnauthenticationAlertController.swift */; };
		A15A716A274B650100032F51 /* ServerRouter.swift in Sources */ = {isa = PBXBuildFile; fileRef = A15A7169274B650100032F51 /* ServerRouter.swift */; };
		A166EEE626063D0C00DFF377 /* AppDelegate.swift in Sources */ = {isa = PBXBuildFile; fileRef = A166EEE526063D0C00DFF377 /* AppDelegate.swift */; };
		A166EEE826063D0C00DFF377 /* SceneDelegate.swift in Sources */ = {isa = PBXBuildFile; fileRef = A166EEE726063D0C00DFF377 /* SceneDelegate.swift */; };
		A166EEED26063D0C00DFF377 /* Main.storyboard in Resources */ = {isa = PBXBuildFile; fileRef = A166EEEB26063D0C00DFF377 /* Main.storyboard */; };
		A166EEEF26063D0C00DFF377 /* Assets.xcassets in Resources */ = {isa = PBXBuildFile; fileRef = A166EEEE26063D0C00DFF377 /* Assets.xcassets */; };
		A166EEF226063D0C00DFF377 /* LaunchScreen.storyboard in Resources */ = {isa = PBXBuildFile; fileRef = A166EEF026063D0C00DFF377 /* LaunchScreen.storyboard */; };
		A166EF102606434300DFF377 /* Roboto-Medium.ttf in Resources */ = {isa = PBXBuildFile; fileRef = A166EEFD2606434300DFF377 /* Roboto-Medium.ttf */; };
		A166EF112606434300DFF377 /* Roboto-Light.ttf in Resources */ = {isa = PBXBuildFile; fileRef = A166EEFE2606434300DFF377 /* Roboto-Light.ttf */; };
		A166EF122606434300DFF377 /* RobotoCondensed-Bold.ttf in Resources */ = {isa = PBXBuildFile; fileRef = A166EEFF2606434300DFF377 /* RobotoCondensed-Bold.ttf */; };
		A166EF132606434300DFF377 /* RobotoCondensed-Light.ttf in Resources */ = {isa = PBXBuildFile; fileRef = A166EF002606434300DFF377 /* RobotoCondensed-Light.ttf */; };
		A166EF142606434300DFF377 /* Roboto-Regular.ttf in Resources */ = {isa = PBXBuildFile; fileRef = A166EF012606434300DFF377 /* Roboto-Regular.ttf */; };
		A166EF152606434300DFF377 /* Roboto-MediumItalic.ttf in Resources */ = {isa = PBXBuildFile; fileRef = A166EF022606434300DFF377 /* Roboto-MediumItalic.ttf */; };
		A166EF162606434300DFF377 /* RobotoCondensed-Italic.ttf in Resources */ = {isa = PBXBuildFile; fileRef = A166EF032606434300DFF377 /* RobotoCondensed-Italic.ttf */; };
		A166EF172606434300DFF377 /* RobotoCondensed-BoldItalic.ttf in Resources */ = {isa = PBXBuildFile; fileRef = A166EF042606434300DFF377 /* RobotoCondensed-BoldItalic.ttf */; };
		A166EF182606434300DFF377 /* Apache License.txt in Resources */ = {isa = PBXBuildFile; fileRef = A166EF052606434300DFF377 /* Apache License.txt */; };
		A166EF192606434300DFF377 /* RobotoCondensed-LightItalic.ttf in Resources */ = {isa = PBXBuildFile; fileRef = A166EF062606434300DFF377 /* RobotoCondensed-LightItalic.ttf */; };
		A166EF1A2606434300DFF377 /* Roboto-ThinItalic.ttf in Resources */ = {isa = PBXBuildFile; fileRef = A166EF072606434300DFF377 /* Roboto-ThinItalic.ttf */; };
		A166EF1B2606434300DFF377 /* RobotoCondensed-Regular.ttf in Resources */ = {isa = PBXBuildFile; fileRef = A166EF082606434300DFF377 /* RobotoCondensed-Regular.ttf */; };
		A166EF1C2606434300DFF377 /* Roboto-BoldItalic.ttf in Resources */ = {isa = PBXBuildFile; fileRef = A166EF092606434300DFF377 /* Roboto-BoldItalic.ttf */; };
		A166EF1D2606434300DFF377 /* Roboto-LightItalic.ttf in Resources */ = {isa = PBXBuildFile; fileRef = A166EF0A2606434300DFF377 /* Roboto-LightItalic.ttf */; };
		A166EF1E2606434300DFF377 /* Roboto-Italic.ttf in Resources */ = {isa = PBXBuildFile; fileRef = A166EF0B2606434300DFF377 /* Roboto-Italic.ttf */; };
		A166EF1F2606434300DFF377 /* Roboto-BlackItalic.ttf in Resources */ = {isa = PBXBuildFile; fileRef = A166EF0C2606434300DFF377 /* Roboto-BlackItalic.ttf */; };
		A166EF202606434300DFF377 /* Roboto-Bold.ttf in Resources */ = {isa = PBXBuildFile; fileRef = A166EF0D2606434300DFF377 /* Roboto-Bold.ttf */; };
		A166EF212606434300DFF377 /* Roboto-Thin.ttf in Resources */ = {isa = PBXBuildFile; fileRef = A166EF0E2606434300DFF377 /* Roboto-Thin.ttf */; };
		A166EF222606434300DFF377 /* Roboto-Black.ttf in Resources */ = {isa = PBXBuildFile; fileRef = A166EF0F2606434300DFF377 /* Roboto-Black.ttf */; };
		A166EF2626064C2C00DFF377 /* AuthenticationViewController.swift in Sources */ = {isa = PBXBuildFile; fileRef = A166EF2526064C2C00DFF377 /* AuthenticationViewController.swift */; };
		A166EF2B26064E5600DFF377 /* ActionCardsTableViewController.swift in Sources */ = {isa = PBXBuildFile; fileRef = A166EF2A26064E5600DFF377 /* ActionCardsTableViewController.swift */; };
		A166EF2E2606565400DFF377 /* ActionCardTableViewCell.swift in Sources */ = {isa = PBXBuildFile; fileRef = A166EF2D2606565400DFF377 /* ActionCardTableViewCell.swift */; };
		A166EF312606950100DFF377 /* SettingsViewController.swift in Sources */ = {isa = PBXBuildFile; fileRef = A166EF302606950100DFF377 /* SettingsViewController.swift */; };
		A16E649A2607C8F0004A8E8B /* ActionCardDetailsViewController.swift in Sources */ = {isa = PBXBuildFile; fileRef = A16E64992607C8F0004A8E8B /* ActionCardDetailsViewController.swift */; };
		A19B231F2622452E00F1A017 /* PropertiesReader.swift in Sources */ = {isa = PBXBuildFile; fileRef = A19B231E2622452E00F1A017 /* PropertiesReader.swift */; };
		A19B23232622459000F1A017 /* StravaConfigurationProvider.swift in Sources */ = {isa = PBXBuildFile; fileRef = A19B23222622459000F1A017 /* StravaConfigurationProvider.swift */; };
		A19B232626224A7400F1A017 /* StravaConfig.plist in Resources */ = {isa = PBXBuildFile; fileRef = A19B232526224A7400F1A017 /* StravaConfig.plist */; };
		A19C23A5262EA40300895039 /* CoreDataWrapper.swift in Sources */ = {isa = PBXBuildFile; fileRef = A19C23A4262EA40300895039 /* CoreDataWrapper.swift */; };
		A19C23AA262EA91800895039 /* AthleteCoreDataWrapper.swift in Sources */ = {isa = PBXBuildFile; fileRef = A19C23A9262EA91800895039 /* AthleteCoreDataWrapper.swift */; };
		A19CD255262343A500733622 /* StravaClient.swift in Sources */ = {isa = PBXBuildFile; fileRef = A19CD254262343A500733622 /* StravaClient.swift */; };
		A19CD258262343DB00733622 /* LICENSE in Resources */ = {isa = PBXBuildFile; fileRef = A19CD257262343DB00733622 /* LICENSE */; };
		A19CD26B262362F100733622 /* Alamofire in Frameworks */ = {isa = PBXBuildFile; productRef = A19CD26A262362F100733622 /* Alamofire */; };
		A19CD26F26240D9900733622 /* Router.swift in Sources */ = {isa = PBXBuildFile; fileRef = A19CD26E26240D9900733622 /* Router.swift */; };
		A19CD27A2626B1D300733622 /* SwiftyJSON in Frameworks */ = {isa = PBXBuildFile; productRef = A19CD2792626B1D300733622 /* SwiftyJSON */; };
		A19CD28426274C8C00733622 /* CoreDataHelper.swift in Sources */ = {isa = PBXBuildFile; fileRef = A19CD28326274C8C00733622 /* CoreDataHelper.swift */; };
		A19CD2972627557E00733622 /* VeloToDataModel.xcdatamodeld in Sources */ = {isa = PBXBuildFile; fileRef = A19CD2952627557E00733622 /* VeloToDataModel.xcdatamodeld */; };
		A1A38D84262B8AF0002153FA /* StravaResponses.swift in Sources */ = {isa = PBXBuildFile; fileRef = A1A38D83262B8AF0002153FA /* StravaResponses.swift */; };
		A1A5E275274D867F003038AA /* ServerResponses.swift in Sources */ = {isa = PBXBuildFile; fileRef = A1A5E274274D867F003038AA /* ServerResponses.swift */; };
		A1D36E4C274E35D20052043A /* ParseUtils.swift in Sources */ = {isa = PBXBuildFile; fileRef = A1D36E4B274E35D20052043A /* ParseUtils.swift */; };
		A1D4B9822795C529003648FF /* loading-gif.gif in Resources */ = {isa = PBXBuildFile; fileRef = A1D4B9812795C529003648FF /* loading-gif.gif */; };
		A1D4B9842795C5B7003648FF /* LoadingViewController.swift in Sources */ = {isa = PBXBuildFile; fileRef = A1D4B9832795C5B7003648FF /* LoadingViewController.swift */; };
		A1F92C1A2634362B0050B7EE /* AthleteTaskCoreDataWrapper.swift in Sources */ = {isa = PBXBuildFile; fileRef = A1F92C192634362B0050B7EE /* AthleteTaskCoreDataWrapper.swift */; };
/* End PBXBuildFile section */

/* Begin PBXFileReference section */
		A1103ED12610E05500C6F51A /* ActionCardsRootViewController.swift */ = {isa = PBXFileReference; lastKnownFileType = sourcecode.swift; path = ActionCardsRootViewController.swift; sourceTree = "<group>"; };
		A11212D027956B9100EDA006 /* MasterModalViewController.swift */ = {isa = PBXFileReference; lastKnownFileType = sourcecode.swift; path = MasterModalViewController.swift; sourceTree = "<group>"; };
		A11D75BF2744C6E2004D87A8 /* ServerClient.swift */ = {isa = PBXFileReference; lastKnownFileType = sourcecode.swift; path = ServerClient.swift; sourceTree = "<group>"; };
		A11D75C12744C70D004D87A8 /* ServerRequests.swift */ = {isa = PBXFileReference; lastKnownFileType = sourcecode.swift; path = ServerRequests.swift; sourceTree = "<group>"; };
		A11D75C32744CB63004D87A8 /* ServerConfig.plist */ = {isa = PBXFileReference; lastKnownFileType = text.plist.xml; path = ServerConfig.plist; sourceTree = "<group>"; };
		A11D75C52744CBB2004D87A8 /* ServerConfigurationProvider.swift */ = {isa = PBXFileReference; lastKnownFileType = sourcecode.swift; path = ServerConfigurationProvider.swift; sourceTree = "<group>"; };
		A155E26D2612E99C00CEE968 /* UnauthenticationAlertController.swift */ = {isa = PBXFileReference; lastKnownFileType = sourcecode.swift; path = UnauthenticationAlertController.swift; sourceTree = "<group>"; };
		A15A7169274B650100032F51 /* ServerRouter.swift */ = {isa = PBXFileReference; lastKnownFileType = sourcecode.swift; path = ServerRouter.swift; sourceTree = "<group>"; };
		A166EEE226063D0C00DFF377 /* Veloto.app */ = {isa = PBXFileReference; explicitFileType = wrapper.application; includeInIndex = 0; path = Veloto.app; sourceTree = BUILT_PRODUCTS_DIR; };
		A166EEE526063D0C00DFF377 /* AppDelegate.swift */ = {isa = PBXFileReference; lastKnownFileType = sourcecode.swift; path = AppDelegate.swift; sourceTree = "<group>"; };
		A166EEE726063D0C00DFF377 /* SceneDelegate.swift */ = {isa = PBXFileReference; lastKnownFileType = sourcecode.swift; path = SceneDelegate.swift; sourceTree = "<group>"; };
		A166EEEC26063D0C00DFF377 /* Base */ = {isa = PBXFileReference; lastKnownFileType = file.storyboard; name = Base; path = Base.lproj/Main.storyboard; sourceTree = "<group>"; };
		A166EEEE26063D0C00DFF377 /* Assets.xcassets */ = {isa = PBXFileReference; lastKnownFileType = folder.assetcatalog; path = Assets.xcassets; sourceTree = "<group>"; };
		A166EEF126063D0C00DFF377 /* Base */ = {isa = PBXFileReference; lastKnownFileType = file.storyboard; name = Base; path = Base.lproj/LaunchScreen.storyboard; sourceTree = "<group>"; };
		A166EEF326063D0C00DFF377 /* Info.plist */ = {isa = PBXFileReference; lastKnownFileType = text.plist.xml; path = Info.plist; sourceTree = "<group>"; };
		A166EEFD2606434300DFF377 /* Roboto-Medium.ttf */ = {isa = PBXFileReference; lastKnownFileType = file; path = "Roboto-Medium.ttf"; sourceTree = "<group>"; };
		A166EEFE2606434300DFF377 /* Roboto-Light.ttf */ = {isa = PBXFileReference; lastKnownFileType = file; path = "Roboto-Light.ttf"; sourceTree = "<group>"; };
		A166EEFF2606434300DFF377 /* RobotoCondensed-Bold.ttf */ = {isa = PBXFileReference; lastKnownFileType = file; path = "RobotoCondensed-Bold.ttf"; sourceTree = "<group>"; };
		A166EF002606434300DFF377 /* RobotoCondensed-Light.ttf */ = {isa = PBXFileReference; lastKnownFileType = file; path = "RobotoCondensed-Light.ttf"; sourceTree = "<group>"; };
		A166EF012606434300DFF377 /* Roboto-Regular.ttf */ = {isa = PBXFileReference; lastKnownFileType = file; path = "Roboto-Regular.ttf"; sourceTree = "<group>"; };
		A166EF022606434300DFF377 /* Roboto-MediumItalic.ttf */ = {isa = PBXFileReference; lastKnownFileType = file; path = "Roboto-MediumItalic.ttf"; sourceTree = "<group>"; };
		A166EF032606434300DFF377 /* RobotoCondensed-Italic.ttf */ = {isa = PBXFileReference; lastKnownFileType = file; path = "RobotoCondensed-Italic.ttf"; sourceTree = "<group>"; };
		A166EF042606434300DFF377 /* RobotoCondensed-BoldItalic.ttf */ = {isa = PBXFileReference; lastKnownFileType = file; path = "RobotoCondensed-BoldItalic.ttf"; sourceTree = "<group>"; };
		A166EF052606434300DFF377 /* Apache License.txt */ = {isa = PBXFileReference; fileEncoding = 4; lastKnownFileType = text; path = "Apache License.txt"; sourceTree = "<group>"; };
		A166EF062606434300DFF377 /* RobotoCondensed-LightItalic.ttf */ = {isa = PBXFileReference; lastKnownFileType = file; path = "RobotoCondensed-LightItalic.ttf"; sourceTree = "<group>"; };
		A166EF072606434300DFF377 /* Roboto-ThinItalic.ttf */ = {isa = PBXFileReference; lastKnownFileType = file; path = "Roboto-ThinItalic.ttf"; sourceTree = "<group>"; };
		A166EF082606434300DFF377 /* RobotoCondensed-Regular.ttf */ = {isa = PBXFileReference; lastKnownFileType = file; path = "RobotoCondensed-Regular.ttf"; sourceTree = "<group>"; };
		A166EF092606434300DFF377 /* Roboto-BoldItalic.ttf */ = {isa = PBXFileReference; lastKnownFileType = file; path = "Roboto-BoldItalic.ttf"; sourceTree = "<group>"; };
		A166EF0A2606434300DFF377 /* Roboto-LightItalic.ttf */ = {isa = PBXFileReference; lastKnownFileType = file; path = "Roboto-LightItalic.ttf"; sourceTree = "<group>"; };
		A166EF0B2606434300DFF377 /* Roboto-Italic.ttf */ = {isa = PBXFileReference; lastKnownFileType = file; path = "Roboto-Italic.ttf"; sourceTree = "<group>"; };
		A166EF0C2606434300DFF377 /* Roboto-BlackItalic.ttf */ = {isa = PBXFileReference; lastKnownFileType = file; path = "Roboto-BlackItalic.ttf"; sourceTree = "<group>"; };
		A166EF0D2606434300DFF377 /* Roboto-Bold.ttf */ = {isa = PBXFileReference; lastKnownFileType = file; path = "Roboto-Bold.ttf"; sourceTree = "<group>"; };
		A166EF0E2606434300DFF377 /* Roboto-Thin.ttf */ = {isa = PBXFileReference; lastKnownFileType = file; path = "Roboto-Thin.ttf"; sourceTree = "<group>"; };
		A166EF0F2606434300DFF377 /* Roboto-Black.ttf */ = {isa = PBXFileReference; lastKnownFileType = file; path = "Roboto-Black.ttf"; sourceTree = "<group>"; };
		A166EF2526064C2C00DFF377 /* AuthenticationViewController.swift */ = {isa = PBXFileReference; lastKnownFileType = sourcecode.swift; path = AuthenticationViewController.swift; sourceTree = "<group>"; };
		A166EF2A26064E5600DFF377 /* ActionCardsTableViewController.swift */ = {isa = PBXFileReference; lastKnownFileType = sourcecode.swift; path = ActionCardsTableViewController.swift; sourceTree = "<group>"; };
		A166EF2D2606565400DFF377 /* ActionCardTableViewCell.swift */ = {isa = PBXFileReference; lastKnownFileType = sourcecode.swift; path = ActionCardTableViewCell.swift; sourceTree = "<group>"; };
		A166EF302606950100DFF377 /* SettingsViewController.swift */ = {isa = PBXFileReference; lastKnownFileType = sourcecode.swift; path = SettingsViewController.swift; sourceTree = "<group>"; };
		A16E64992607C8F0004A8E8B /* ActionCardDetailsViewController.swift */ = {isa = PBXFileReference; lastKnownFileType = sourcecode.swift; path = ActionCardDetailsViewController.swift; sourceTree = "<group>"; };
		A19B231E2622452E00F1A017 /* PropertiesReader.swift */ = {isa = PBXFileReference; lastKnownFileType = sourcecode.swift; path = PropertiesReader.swift; sourceTree = "<group>"; };
		A19B23222622459000F1A017 /* StravaConfigurationProvider.swift */ = {isa = PBXFileReference; lastKnownFileType = sourcecode.swift; path = StravaConfigurationProvider.swift; sourceTree = "<group>"; };
		A19B232526224A7400F1A017 /* StravaConfig.plist */ = {isa = PBXFileReference; fileEncoding = 4; lastKnownFileType = text.plist.xml; path = StravaConfig.plist; sourceTree = "<group>"; };
		A19C23A4262EA40300895039 /* CoreDataWrapper.swift */ = {isa = PBXFileReference; lastKnownFileType = sourcecode.swift; path = CoreDataWrapper.swift; sourceTree = "<group>"; };
		A19C23A9262EA91800895039 /* AthleteCoreDataWrapper.swift */ = {isa = PBXFileReference; lastKnownFileType = sourcecode.swift; path = AthleteCoreDataWrapper.swift; sourceTree = "<group>"; };
		A19CD254262343A500733622 /* StravaClient.swift */ = {isa = PBXFileReference; lastKnownFileType = sourcecode.swift; path = StravaClient.swift; sourceTree = "<group>"; };
		A19CD257262343DB00733622 /* LICENSE */ = {isa = PBXFileReference; lastKnownFileType = text; path = LICENSE; sourceTree = "<group>"; };
		A19CD26E26240D9900733622 /* Router.swift */ = {isa = PBXFileReference; lastKnownFileType = sourcecode.swift; path = Router.swift; sourceTree = "<group>"; };
		A19CD28326274C8C00733622 /* CoreDataHelper.swift */ = {isa = PBXFileReference; lastKnownFileType = sourcecode.swift; path = CoreDataHelper.swift; sourceTree = "<group>"; };
		A19CD2962627557E00733622 /* VeloToDataModel.xcdatamodel */ = {isa = PBXFileReference; explicitFileType = wrapper.xcdatamodel; path = VeloToDataModel.xcdatamodel; sourceTree = "<group>"; };
		A1A38D83262B8AF0002153FA /* StravaResponses.swift */ = {isa = PBXFileReference; lastKnownFileType = sourcecode.swift; path = StravaResponses.swift; sourceTree = "<group>"; };
		A1A5E274274D867F003038AA /* ServerResponses.swift */ = {isa = PBXFileReference; lastKnownFileType = sourcecode.swift; path = ServerResponses.swift; sourceTree = "<group>"; };
		A1D36E4B274E35D20052043A /* ParseUtils.swift */ = {isa = PBXFileReference; lastKnownFileType = sourcecode.swift; path = ParseUtils.swift; sourceTree = "<group>"; };
		A1D4B9812795C529003648FF /* loading-gif.gif */ = {isa = PBXFileReference; lastKnownFileType = image.gif; path = "loading-gif.gif"; sourceTree = "<group>"; };
		A1D4B9832795C5B7003648FF /* LoadingViewController.swift */ = {isa = PBXFileReference; lastKnownFileType = sourcecode.swift; path = LoadingViewController.swift; sourceTree = "<group>"; };
		A1F92C192634362B0050B7EE /* AthleteTaskCoreDataWrapper.swift */ = {isa = PBXFileReference; lastKnownFileType = sourcecode.swift; path = AthleteTaskCoreDataWrapper.swift; sourceTree = "<group>"; };
/* End PBXFileReference section */

/* Begin PBXFrameworksBuildPhase section */
		A166EEDF26063D0C00DFF377 /* Frameworks */ = {
			isa = PBXFrameworksBuildPhase;
			buildActionMask = 2147483647;
			files = (
				A19CD27A2626B1D300733622 /* SwiftyJSON in Frameworks */,
				A19CD26B262362F100733622 /* Alamofire in Frameworks */,
			);
			runOnlyForDeploymentPostprocessing = 0;
		};
/* End PBXFrameworksBuildPhase section */

/* Begin PBXGroup section */
		A166EED926063D0B00DFF377 = {
			isa = PBXGroup;
			children = (
				A166EEE426063D0C00DFF377 /* VeloToApp */,
				A166EEE326063D0C00DFF377 /* Products */,
			);
			sourceTree = "<group>";
		};
		A166EEE326063D0C00DFF377 /* Products */ = {
			isa = PBXGroup;
			children = (
				A166EEE226063D0C00DFF377 /* Veloto.app */,
			);
			name = Products;
			sourceTree = "<group>";
		};
		A166EEE426063D0C00DFF377 /* VeloToApp */ = {
			isa = PBXGroup;
			children = (
				A19C23A3262EA3EF00895039 /* CoreData */,
				A19B231D2622452100F1A017 /* Utils */,
				A19B231B2622434D00F1A017 /* Model */,
				A19B23192622428200F1A017 /* Services */,
				A19B23182622425400F1A017 /* Storyboards */,
				A166EF2826064C3200DFF377 /* Controllers */,
				A166EEFB2606432300DFF377 /* Resources */,
				A166EEE526063D0C00DFF377 /* AppDelegate.swift */,
				A166EEE726063D0C00DFF377 /* SceneDelegate.swift */,
				A1D4B9812795C529003648FF /* loading-gif.gif */,
				A166EEEE26063D0C00DFF377 /* Assets.xcassets */,
				A166EEF326063D0C00DFF377 /* Info.plist */,
				A19CD2952627557E00733622 /* VeloToDataModel.xcdatamodeld */,
			);
			path = VeloToApp;
			sourceTree = "<group>";
		};
		A166EEFB2606432300DFF377 /* Resources */ = {
			isa = PBXGroup;
			children = (
				A19B232526224A7400F1A017 /* StravaConfig.plist */,
				A166EEFC2606434300DFF377 /* roboto */,
				A19CD257262343DB00733622 /* LICENSE */,
				A11D75C32744CB63004D87A8 /* ServerConfig.plist */,
			);
			path = Resources;
			sourceTree = "<group>";
		};
		A166EEFC2606434300DFF377 /* roboto */ = {
			isa = PBXGroup;
			children = (
				A166EEFD2606434300DFF377 /* Roboto-Medium.ttf */,
				A166EEFE2606434300DFF377 /* Roboto-Light.ttf */,
				A166EEFF2606434300DFF377 /* RobotoCondensed-Bold.ttf */,
				A166EF002606434300DFF377 /* RobotoCondensed-Light.ttf */,
				A166EF012606434300DFF377 /* Roboto-Regular.ttf */,
				A166EF022606434300DFF377 /* Roboto-MediumItalic.ttf */,
				A166EF032606434300DFF377 /* RobotoCondensed-Italic.ttf */,
				A166EF042606434300DFF377 /* RobotoCondensed-BoldItalic.ttf */,
				A166EF052606434300DFF377 /* Apache License.txt */,
				A166EF062606434300DFF377 /* RobotoCondensed-LightItalic.ttf */,
				A166EF072606434300DFF377 /* Roboto-ThinItalic.ttf */,
				A166EF082606434300DFF377 /* RobotoCondensed-Regular.ttf */,
				A166EF092606434300DFF377 /* Roboto-BoldItalic.ttf */,
				A166EF0A2606434300DFF377 /* Roboto-LightItalic.ttf */,
				A166EF0B2606434300DFF377 /* Roboto-Italic.ttf */,
				A166EF0C2606434300DFF377 /* Roboto-BlackItalic.ttf */,
				A166EF0D2606434300DFF377 /* Roboto-Bold.ttf */,
				A166EF0E2606434300DFF377 /* Roboto-Thin.ttf */,
				A166EF0F2606434300DFF377 /* Roboto-Black.ttf */,
			);
			name = roboto;
			path = VeloToApp/roboto;
			sourceTree = SOURCE_ROOT;
		};
		A166EF2826064C3200DFF377 /* Controllers */ = {
			isa = PBXGroup;
			children = (
				A11212D027956B9100EDA006 /* MasterModalViewController.swift */,
				A166EF2526064C2C00DFF377 /* AuthenticationViewController.swift */,
				A166EF2A26064E5600DFF377 /* ActionCardsTableViewController.swift */,
				A166EF2D2606565400DFF377 /* ActionCardTableViewCell.swift */,
				A166EF302606950100DFF377 /* SettingsViewController.swift */,
				A16E64992607C8F0004A8E8B /* ActionCardDetailsViewController.swift */,
				A1103ED12610E05500C6F51A /* ActionCardsRootViewController.swift */,
				A155E26D2612E99C00CEE968 /* UnauthenticationAlertController.swift */,
				A1D4B9832795C5B7003648FF /* LoadingViewController.swift */,
			);
			path = Controllers;
			sourceTree = "<group>";
		};
		A19B23182622425400F1A017 /* Storyboards */ = {
			isa = PBXGroup;
			children = (
				A166EEEB26063D0C00DFF377 /* Main.storyboard */,
				A166EEF026063D0C00DFF377 /* LaunchScreen.storyboard */,
			);
			path = Storyboards;
			sourceTree = "<group>";
		};
		A19B23192622428200F1A017 /* Services */ = {
			isa = PBXGroup;
			children = (
				A19B23222622459000F1A017 /* StravaConfigurationProvider.swift */,
				A19CD254262343A500733622 /* StravaClient.swift */,
				A19CD26E26240D9900733622 /* Router.swift */,
				A11D75BF2744C6E2004D87A8 /* ServerClient.swift */,
				A11D75C52744CBB2004D87A8 /* ServerConfigurationProvider.swift */,
				A15A7169274B650100032F51 /* ServerRouter.swift */,
			);
			path = Services;
			sourceTree = "<group>";
		};
		A19B231B2622434D00F1A017 /* Model */ = {
			isa = PBXGroup;
			children = (
				A1A38D83262B8AF0002153FA /* StravaResponses.swift */,
				A11D75C12744C70D004D87A8 /* ServerRequests.swift */,
				A1A5E274274D867F003038AA /* ServerResponses.swift */,
			);
			path = Model;
			sourceTree = "<group>";
		};
		A19B231D2622452100F1A017 /* Utils */ = {
			isa = PBXGroup;
			children = (
				A19B231E2622452E00F1A017 /* PropertiesReader.swift */,
				A1D36E4B274E35D20052043A /* ParseUtils.swift */,
			);
			path = Utils;
			sourceTree = "<group>";
		};
		A19C23A3262EA3EF00895039 /* CoreData */ = {
			isa = PBXGroup;
			children = (
				A19CD28326274C8C00733622 /* CoreDataHelper.swift */,
				A19C23A4262EA40300895039 /* CoreDataWrapper.swift */,
				A19C23A9262EA91800895039 /* AthleteCoreDataWrapper.swift */,
				A1F92C192634362B0050B7EE /* AthleteTaskCoreDataWrapper.swift */,
			);
			path = CoreData;
			sourceTree = "<group>";
		};
/* End PBXGroup section */

/* Begin PBXNativeTarget section */
		A166EEE126063D0C00DFF377 /* Veloto */ = {
			isa = PBXNativeTarget;
			buildConfigurationList = A166EEF626063D0C00DFF377 /* Build configuration list for PBXNativeTarget "Veloto" */;
			buildPhases = (
				A166EEDE26063D0C00DFF377 /* Sources */,
				A166EEDF26063D0C00DFF377 /* Frameworks */,
				A166EEE026063D0C00DFF377 /* Resources */,
			);
			buildRules = (
			);
			dependencies = (
			);
			name = Veloto;
			packageProductDependencies = (
				A19CD26A262362F100733622 /* Alamofire */,
				A19CD2792626B1D300733622 /* SwiftyJSON */,
			);
			productName = VeloToApp;
			productReference = A166EEE226063D0C00DFF377 /* Veloto.app */;
			productType = "com.apple.product-type.application";
		};
/* End PBXNativeTarget section */

/* Begin PBXProject section */
		A166EEDA26063D0B00DFF377 /* Project object */ = {
			isa = PBXProject;
			attributes = {
				LastSwiftUpdateCheck = 1240;
				LastUpgradeCheck = 1240;
				TargetAttributes = {
					A166EEE126063D0C00DFF377 = {
						CreatedOnToolsVersion = 12.4;
					};
				};
			};
			buildConfigurationList = A166EEDD26063D0B00DFF377 /* Build configuration list for PBXProject "Veloto" */;
			compatibilityVersion = "Xcode 9.3";
			developmentRegion = en;
			hasScannedForEncodings = 0;
			knownRegions = (
				en,
				Base,
			);
			mainGroup = A166EED926063D0B00DFF377;
			packageReferences = (
				A19CD269262362F100733622 /* XCRemoteSwiftPackageReference "Alamofire" */,
				A19CD2782626B1D300733622 /* XCRemoteSwiftPackageReference "SwiftyJSON" */,
			);
			productRefGroup = A166EEE326063D0C00DFF377 /* Products */;
			projectDirPath = "";
			projectRoot = "";
			targets = (
				A166EEE126063D0C00DFF377 /* Veloto */,
			);
		};
/* End PBXProject section */

/* Begin PBXResourcesBuildPhase section */
		A166EEE026063D0C00DFF377 /* Resources */ = {
			isa = PBXResourcesBuildPhase;
			buildActionMask = 2147483647;
			files = (
				A166EF122606434300DFF377 /* RobotoCondensed-Bold.ttf in Resources */,
				A166EF1E2606434300DFF377 /* Roboto-Italic.ttf in Resources */,
				A166EF202606434300DFF377 /* Roboto-Bold.ttf in Resources */,
				A166EF182606434300DFF377 /* Apache License.txt in Resources */,
				A166EF102606434300DFF377 /* Roboto-Medium.ttf in Resources */,
				A166EF222606434300DFF377 /* Roboto-Black.ttf in Resources */,
				A166EF1B2606434300DFF377 /* RobotoCondensed-Regular.ttf in Resources */,
				A166EF142606434300DFF377 /* Roboto-Regular.ttf in Resources */,
				A19B232626224A7400F1A017 /* StravaConfig.plist in Resources */,
				A166EF192606434300DFF377 /* RobotoCondensed-LightItalic.ttf in Resources */,
				A166EEF226063D0C00DFF377 /* LaunchScreen.storyboard in Resources */,
				A166EF1F2606434300DFF377 /* Roboto-BlackItalic.ttf in Resources */,
				A166EF112606434300DFF377 /* Roboto-Light.ttf in Resources */,
				A166EF132606434300DFF377 /* RobotoCondensed-Light.ttf in Resources */,
				A166EEEF26063D0C00DFF377 /* Assets.xcassets in Resources */,
				A166EF1C2606434300DFF377 /* Roboto-BoldItalic.ttf in Resources */,
				A1D4B9822795C529003648FF /* loading-gif.gif in Resources */,
				A166EF212606434300DFF377 /* Roboto-Thin.ttf in Resources */,
				A166EF1D2606434300DFF377 /* Roboto-LightItalic.ttf in Resources */,
				A19CD258262343DB00733622 /* LICENSE in Resources */,
				A166EF172606434300DFF377 /* RobotoCondensed-BoldItalic.ttf in Resources */,
				A11D75C42744CB63004D87A8 /* ServerConfig.plist in Resources */,
				A166EF1A2606434300DFF377 /* Roboto-ThinItalic.ttf in Resources */,
				A166EF152606434300DFF377 /* Roboto-MediumItalic.ttf in Resources */,
				A166EEED26063D0C00DFF377 /* Main.storyboard in Resources */,
				A166EF162606434300DFF377 /* RobotoCondensed-Italic.ttf in Resources */,
			);
			runOnlyForDeploymentPostprocessing = 0;
		};
/* End PBXResourcesBuildPhase section */

/* Begin PBXSourcesBuildPhase section */
		A166EEDE26063D0C00DFF377 /* Sources */ = {
			isa = PBXSourcesBuildPhase;
			buildActionMask = 2147483647;
			files = (
				A19B23232622459000F1A017 /* StravaConfigurationProvider.swift in Sources */,
				A1A38D84262B8AF0002153FA /* StravaResponses.swift in Sources */,
				A19CD26F26240D9900733622 /* Router.swift in Sources */,
				A11D75C22744C70D004D87A8 /* ServerRequests.swift in Sources */,
				A19B231F2622452E00F1A017 /* PropertiesReader.swift in Sources */,
				A19CD255262343A500733622 /* StravaClient.swift in Sources */,
				A19CD28426274C8C00733622 /* CoreDataHelper.swift in Sources */,
				A15A716A274B650100032F51 /* ServerRouter.swift in Sources */,
				A11212D127956B9100EDA006 /* MasterModalViewController.swift in Sources */,
				A1F92C1A2634362B0050B7EE /* AthleteTaskCoreDataWrapper.swift in Sources */,
				A19C23A5262EA40300895039 /* CoreDataWrapper.swift in Sources */,
				A1D36E4C274E35D20052043A /* ParseUtils.swift in Sources */,
				A11D75C62744CBB2004D87A8 /* ServerConfigurationProvider.swift in Sources */,
				A11D75C02744C6E3004D87A8 /* ServerClient.swift in Sources */,
				A1A5E275274D867F003038AA /* ServerResponses.swift in Sources */,
				A166EF2E2606565400DFF377 /* ActionCardTableViewCell.swift in Sources */,
				A166EEE626063D0C00DFF377 /* AppDelegate.swift in Sources */,
				A166EF2B26064E5600DFF377 /* ActionCardsTableViewController.swift in Sources */,
				A19C23AA262EA91800895039 /* AthleteCoreDataWrapper.swift in Sources */,
				A155E26E2612E99C00CEE968 /* UnauthenticationAlertController.swift in Sources */,
				A166EF2626064C2C00DFF377 /* AuthenticationViewController.swift in Sources */,
				A1103ED22610E05500C6F51A /* ActionCardsRootViewController.swift in Sources */,
				A166EEE826063D0C00DFF377 /* SceneDelegate.swift in Sources */,
				A1D4B9842795C5B7003648FF /* LoadingViewController.swift in Sources */,
				A19CD2972627557E00733622 /* VeloToDataModel.xcdatamodeld in Sources */,
				A16E649A2607C8F0004A8E8B /* ActionCardDetailsViewController.swift in Sources */,
				A166EF312606950100DFF377 /* SettingsViewController.swift in Sources */,
			);
			runOnlyForDeploymentPostprocessing = 0;
		};
/* End PBXSourcesBuildPhase section */

/* Begin PBXVariantGroup section */
		A166EEEB26063D0C00DFF377 /* Main.storyboard */ = {
			isa = PBXVariantGroup;
			children = (
				A166EEEC26063D0C00DFF377 /* Base */,
			);
			name = Main.storyboard;
			sourceTree = "<group>";
		};
		A166EEF026063D0C00DFF377 /* LaunchScreen.storyboard */ = {
			isa = PBXVariantGroup;
			children = (
				A166EEF126063D0C00DFF377 /* Base */,
			);
			name = LaunchScreen.storyboard;
			sourceTree = "<group>";
		};
/* End PBXVariantGroup section */

/* Begin XCBuildConfiguration section */
		A166EEF426063D0C00DFF377 /* Debug */ = {
			isa = XCBuildConfiguration;
			buildSettings = {
				ALWAYS_SEARCH_USER_PATHS = NO;
				CLANG_ANALYZER_NONNULL = YES;
				CLANG_ANALYZER_NUMBER_OBJECT_CONVERSION = YES_AGGRESSIVE;
				CLANG_CXX_LANGUAGE_STANDARD = "gnu++14";
				CLANG_CXX_LIBRARY = "libc++";
				CLANG_ENABLE_MODULES = YES;
				CLANG_ENABLE_OBJC_ARC = YES;
				CLANG_ENABLE_OBJC_WEAK = YES;
				CLANG_WARN_BLOCK_CAPTURE_AUTORELEASING = YES;
				CLANG_WARN_BOOL_CONVERSION = YES;
				CLANG_WARN_COMMA = YES;
				CLANG_WARN_CONSTANT_CONVERSION = YES;
				CLANG_WARN_DEPRECATED_OBJC_IMPLEMENTATIONS = YES;
				CLANG_WARN_DIRECT_OBJC_ISA_USAGE = YES_ERROR;
				CLANG_WARN_DOCUMENTATION_COMMENTS = YES;
				CLANG_WARN_EMPTY_BODY = YES;
				CLANG_WARN_ENUM_CONVERSION = YES;
				CLANG_WARN_INFINITE_RECURSION = YES;
				CLANG_WARN_INT_CONVERSION = YES;
				CLANG_WARN_NON_LITERAL_NULL_CONVERSION = YES;
				CLANG_WARN_OBJC_IMPLICIT_RETAIN_SELF = YES;
				CLANG_WARN_OBJC_LITERAL_CONVERSION = YES;
				CLANG_WARN_OBJC_ROOT_CLASS = YES_ERROR;
				CLANG_WARN_QUOTED_INCLUDE_IN_FRAMEWORK_HEADER = YES;
				CLANG_WARN_RANGE_LOOP_ANALYSIS = YES;
				CLANG_WARN_STRICT_PROTOTYPES = YES;
				CLANG_WARN_SUSPICIOUS_MOVE = YES;
				CLANG_WARN_UNGUARDED_AVAILABILITY = YES_AGGRESSIVE;
				CLANG_WARN_UNREACHABLE_CODE = YES;
				CLANG_WARN__DUPLICATE_METHOD_MATCH = YES;
				COPY_PHASE_STRIP = NO;
				DEBUG_INFORMATION_FORMAT = dwarf;
				ENABLE_STRICT_OBJC_MSGSEND = YES;
				ENABLE_TESTABILITY = YES;
				GCC_C_LANGUAGE_STANDARD = gnu11;
				GCC_DYNAMIC_NO_PIC = NO;
				GCC_NO_COMMON_BLOCKS = YES;
				GCC_OPTIMIZATION_LEVEL = 0;
				GCC_PREPROCESSOR_DEFINITIONS = (
					"DEBUG=1",
					"$(inherited)",
				);
				GCC_WARN_64_TO_32_BIT_CONVERSION = YES;
				GCC_WARN_ABOUT_RETURN_TYPE = YES_ERROR;
				GCC_WARN_UNDECLARED_SELECTOR = YES;
				GCC_WARN_UNINITIALIZED_AUTOS = YES_AGGRESSIVE;
				GCC_WARN_UNUSED_FUNCTION = YES;
				GCC_WARN_UNUSED_VARIABLE = YES;
				IPHONEOS_DEPLOYMENT_TARGET = 14.4;
				MTL_ENABLE_DEBUG_INFO = INCLUDE_SOURCE;
				MTL_FAST_MATH = YES;
				ONLY_ACTIVE_ARCH = YES;
				SDKROOT = iphoneos;
				SWIFT_ACTIVE_COMPILATION_CONDITIONS = DEBUG;
				SWIFT_OPTIMIZATION_LEVEL = "-Onone";
			};
			name = Debug;
		};
		A166EEF526063D0C00DFF377 /* Release */ = {
			isa = XCBuildConfiguration;
			buildSettings = {
				ALWAYS_SEARCH_USER_PATHS = NO;
				CLANG_ANALYZER_NONNULL = YES;
				CLANG_ANALYZER_NUMBER_OBJECT_CONVERSION = YES_AGGRESSIVE;
				CLANG_CXX_LANGUAGE_STANDARD = "gnu++14";
				CLANG_CXX_LIBRARY = "libc++";
				CLANG_ENABLE_MODULES = YES;
				CLANG_ENABLE_OBJC_ARC = YES;
				CLANG_ENABLE_OBJC_WEAK = YES;
				CLANG_WARN_BLOCK_CAPTURE_AUTORELEASING = YES;
				CLANG_WARN_BOOL_CONVERSION = YES;
				CLANG_WARN_COMMA = YES;
				CLANG_WARN_CONSTANT_CONVERSION = YES;
				CLANG_WARN_DEPRECATED_OBJC_IMPLEMENTATIONS = YES;
				CLANG_WARN_DIRECT_OBJC_ISA_USAGE = YES_ERROR;
				CLANG_WARN_DOCUMENTATION_COMMENTS = YES;
				CLANG_WARN_EMPTY_BODY = YES;
				CLANG_WARN_ENUM_CONVERSION = YES;
				CLANG_WARN_INFINITE_RECURSION = YES;
				CLANG_WARN_INT_CONVERSION = YES;
				CLANG_WARN_NON_LITERAL_NULL_CONVERSION = YES;
				CLANG_WARN_OBJC_IMPLICIT_RETAIN_SELF = YES;
				CLANG_WARN_OBJC_LITERAL_CONVERSION = YES;
				CLANG_WARN_OBJC_ROOT_CLASS = YES_ERROR;
				CLANG_WARN_QUOTED_INCLUDE_IN_FRAMEWORK_HEADER = YES;
				CLANG_WARN_RANGE_LOOP_ANALYSIS = YES;
				CLANG_WARN_STRICT_PROTOTYPES = YES;
				CLANG_WARN_SUSPICIOUS_MOVE = YES;
				CLANG_WARN_UNGUARDED_AVAILABILITY = YES_AGGRESSIVE;
				CLANG_WARN_UNREACHABLE_CODE = YES;
				CLANG_WARN__DUPLICATE_METHOD_MATCH = YES;
				COPY_PHASE_STRIP = NO;
				DEBUG_INFORMATION_FORMAT = "dwarf-with-dsym";
				ENABLE_NS_ASSERTIONS = NO;
				ENABLE_STRICT_OBJC_MSGSEND = YES;
				GCC_C_LANGUAGE_STANDARD = gnu11;
				GCC_NO_COMMON_BLOCKS = YES;
				GCC_WARN_64_TO_32_BIT_CONVERSION = YES;
				GCC_WARN_ABOUT_RETURN_TYPE = YES_ERROR;
				GCC_WARN_UNDECLARED_SELECTOR = YES;
				GCC_WARN_UNINITIALIZED_AUTOS = YES_AGGRESSIVE;
				GCC_WARN_UNUSED_FUNCTION = YES;
				GCC_WARN_UNUSED_VARIABLE = YES;
				IPHONEOS_DEPLOYMENT_TARGET = 14.4;
				MTL_ENABLE_DEBUG_INFO = NO;
				MTL_FAST_MATH = YES;
				SDKROOT = iphoneos;
				SWIFT_COMPILATION_MODE = wholemodule;
				SWIFT_OPTIMIZATION_LEVEL = "-O";
				VALIDATE_PRODUCT = YES;
			};
			name = Release;
		};
		A166EEF726063D0C00DFF377 /* Debug */ = {
			isa = XCBuildConfiguration;
			buildSettings = {
				ASSETCATALOG_COMPILER_APPICON_NAME = AppIcon;
				ASSETCATALOG_COMPILER_GLOBAL_ACCENT_COLOR_NAME = AccentColor;
				CODE_SIGN_STYLE = Automatic;
				DEVELOPMENT_TEAM = P57WFZ72G8;
				INFOPLIST_FILE = VeloToApp/Info.plist;
				IPHONEOS_DEPLOYMENT_TARGET = 15.0;
				LD_RUNPATH_SEARCH_PATHS = (
					"$(inherited)",
					"@executable_path/Frameworks",
				);
				PRODUCT_BUNDLE_IDENTIFIER = "veloto-application";
				PRODUCT_NAME = "$(TARGET_NAME)";
				SWIFT_VERSION = 5.0;
				TARGETED_DEVICE_FAMILY = 1;
			};
			name = Debug;
		};
		A166EEF826063D0C00DFF377 /* Release */ = {
			isa = XCBuildConfiguration;
			buildSettings = {
				ASSETCATALOG_COMPILER_APPICON_NAME = AppIcon;
				ASSETCATALOG_COMPILER_GLOBAL_ACCENT_COLOR_NAME = AccentColor;
				CODE_SIGN_STYLE = Automatic;
				DEVELOPMENT_TEAM = P57WFZ72G8;
				INFOPLIST_FILE = VeloToApp/Info.plist;
				IPHONEOS_DEPLOYMENT_TARGET = 15.0;
				LD_RUNPATH_SEARCH_PATHS = (
					"$(inherited)",
					"@executable_path/Frameworks",
				);
				PRODUCT_BUNDLE_IDENTIFIER = "veloto-application";
				PRODUCT_NAME = "$(TARGET_NAME)";
				SWIFT_VERSION = 5.0;
				TARGETED_DEVICE_FAMILY = 1;
			};
			name = Release;
		};
/* End XCBuildConfiguration section */

/* Begin XCConfigurationList section */
		A166EEDD26063D0B00DFF377 /* Build configuration list for PBXProject "Veloto" */ = {
			isa = XCConfigurationList;
			buildConfigurations = (
				A166EEF426063D0C00DFF377 /* Debug */,
				A166EEF526063D0C00DFF377 /* Release */,
			);
			defaultConfigurationIsVisible = 0;
			defaultConfigurationName = Release;
		};
		A166EEF626063D0C00DFF377 /* Build configuration list for PBXNativeTarget "Veloto" */ = {
			isa = XCConfigurationList;
			buildConfigurations = (
				A166EEF726063D0C00DFF377 /* Debug */,
				A166EEF826063D0C00DFF377 /* Release */,
			);
			defaultConfigurationIsVisible = 0;
			defaultConfigurationName = Release;
		};
/* End XCConfigurationList section */

/* Begin XCRemoteSwiftPackageReference section */
		A19CD269262362F100733622 /* XCRemoteSwiftPackageReference "Alamofire" */ = {
			isa = XCRemoteSwiftPackageReference;
			repositoryURL = "https://github.com/Alamofire/Alamofire.git";
			requirement = {
				kind = upToNextMajorVersion;
				minimumVersion = 5.4.2;
			};
		};
		A19CD2782626B1D300733622 /* XCRemoteSwiftPackageReference "SwiftyJSON" */ = {
			isa = XCRemoteSwiftPackageReference;
			repositoryURL = "https://github.com/SwiftyJSON/SwiftyJSON.git";
			requirement = {
				kind = upToNextMajorVersion;
				minimumVersion = 5.0.1;
			};
		};
/* End XCRemoteSwiftPackageReference section */

/* Begin XCSwiftPackageProductDependency section */
		A19CD26A262362F100733622 /* Alamofire */ = {
			isa = XCSwiftPackageProductDependency;
			package = A19CD269262362F100733622 /* XCRemoteSwiftPackageReference "Alamofire" */;
			productName = Alamofire;
		};
		A19CD2792626B1D300733622 /* SwiftyJSON */ = {
			isa = XCSwiftPackageProductDependency;
			package = A19CD2782626B1D300733622 /* XCRemoteSwiftPackageReference "SwiftyJSON" */;
			productName = SwiftyJSON;
		};
/* End XCSwiftPackageProductDependency section */

/* Begin XCVersionGroup section */
		A19CD2952627557E00733622 /* VeloToDataModel.xcdatamodeld */ = {
			isa = XCVersionGroup;
			children = (
				A19CD2962627557E00733622 /* VeloToDataModel.xcdatamodel */,
			);
			currentVersion = A19CD2962627557E00733622 /* VeloToDataModel.xcdatamodel */;
			path = VeloToDataModel.xcdatamodeld;
			sourceTree = "<group>";
			versionGroupType = wrapper.xcdatamodel;
		};
/* End XCVersionGroup section */
	};
	rootObject = A166EEDA26063D0B00DFF377 /* Project object */;
}
